
Microsoft Visual Studio Solution File, Format Version 12.00
# Visual Studio Version 17
VisualStudioVersion = 17.5.33530.505
MinimumVisualStudioVersion = 10.0.40219.1
Project("{FAE04EC0-301F-11D3-BF4B-00C04F79EFBC}") = "Project1", "Project1.csproj", "{52AC93E5-2160-4A18-A08F-DE098FAFB211}"
EndProject
Global
	GlobalSection(SolutionConfigurationPlatforms) = preSolution
		Debug|Any CPU = Debug|Any CPU
		Release|Any CPU = Release|Any CPU
	EndGlobalSection
	GlobalSection(ProjectConfigurationPlatforms) = postSolution
		{52AC93E5-2160-4A18-A08F-DE098FAFB211}.Debug|Any CPU.ActiveCfg = Debug|Any CPU
		{52AC93E5-2160-4A18-A08F-DE098FAFB211}.Debug|Any CPU.Build.0 = Debug|Any CPU
		{52AC93E5-2160-4A18-A08F-DE098FAFB211}.Release|Any CPU.ActiveCfg = Release|Any CPU
		{52AC93E5-2160-4A18-A08F-DE098FAFB211}.Release|Any CPU.Build.0 = Release|Any CPU
	EndGlobalSection
	GlobalSection(SolutionProperties) = preSolution
		HideSolutionNode = FALSE
	EndGlobalSection
	GlobalSection(ExtensibilityGlobals) = postSolution
		SolutionGuid = {23CD44AD-DF92-404A-BED3-57700188ED20}
	EndGlobalSection
EndGlobal
